Microsoft Visual Studio Solution File, Format Version 12.00
# Visual Studio Version 17
VisualStudioVersion = 17.5.2.0
MinimumVisualStudioVersion = 10.0.40219.1
Project("{FAE04EC0-301F-11D3-BF4B-00C04F79EFBC}") = "TareaArboles", "TareaArboles.csproj", "{89183D0C-5164-E1C4-E4A4-7ADC85590FDF}"
EndProject
Global
	GlobalSection(SolutionConfigurationPlatforms) = preSolution
		Debug|Any CPU = Debug|Any CPU
		Release|Any CPU = Release|Any CPU
	EndGlobalSection
	GlobalSection(ProjectConfigurationPlatforms) = postSolution
		{89183D0C-5164-E1C4-E4A4-7ADC85590FDF}.Debug|Any CPU.ActiveCfg = Debug|Any CPU
		{89183D0C-5164-E1C4-E4A4-7ADC85590FDF}.Debug|Any CPU.Build.0 = Debug|Any CPU
		{89183D0C-5164-E1C4-E4A4-7ADC85590FDF}.Release|Any CPU.ActiveCfg = Release|Any CPU
		{89183D0C-5164-E1C4-E4A4-7ADC85590FDF}.Release|Any CPU.Build.0 = Release|Any CPU
	EndGlobalSection
	GlobalSection(SolutionProperties) = preSolution
		HideSolutionNode = FALSE
	EndGlobalSection
	GlobalSection(ExtensibilityGlobals) = postSolution
		SolutionGuid = {FE8492F9-C98F-4DC6-B5EB-EC10276E3151}
	EndGlobalSection
EndGlobal
